
Microsoft Visual Studio Solution File, Format Version 12.00
# Visual Studio Version 17
VisualStudioVersion = 17.0.31919.166
MinimumVisualStudioVersion = 10.0.40219.1
Project("{9A19103F-16F7-4668-BE54-9A1E7A4F7556}") = "Dogz.Module", "Dogz.Module\Dogz.Module.csproj", "{B4CB4F17-25F6-4473-B070-EC900FB2CB6D}"
EndProject
Project("{9A19103F-16F7-4668-BE54-9A1E7A4F7556}") = "Dogz.Win", "Dogz.Win\Dogz.Win.csproj", "{AF7B71E7-1EF6-4CBE-9F52-FBEFA3C24C6B}"
EndProject
Global
	GlobalSection(SolutionConfigurationPlatforms) = preSolution
		Debug|Any CPU = Debug|Any CPU
		EasyTest|Any CPU = EasyTest|Any CPU
		Release|Any CPU = Release|Any CPU
	EndGlobalSection
	GlobalSection(ProjectConfigurationPlatforms) = postSolution
		{B4CB4F17-25F6-4473-B070-EC900FB2CB6D}.Debug|Any CPU.ActiveCfg = Debug|Any CPU
		{B4CB4F17-25F6-4473-B070-EC900FB2CB6D}.Debug|Any CPU.Build.0 = Debug|Any CPU
		{B4CB4F17-25F6-4473-B070-EC900FB2CB6D}.EasyTest|Any CPU.ActiveCfg = EasyTest|Any CPU
		{B4CB4F17-25F6-4473-B070-EC900FB2CB6D}.EasyTest|Any CPU.Build.0 = EasyTest|Any CPU
		{B4CB4F17-25F6-4473-B070-EC900FB2CB6D}.Release|Any CPU.ActiveCfg = Release|Any CPU
		{B4CB4F17-25F6-4473-B070-EC900FB2CB6D}.Release|Any CPU.Build.0 = Release|Any CPU
		{AF7B71E7-1EF6-4CBE-9F52-FBEFA3C24C6B}.Debug|Any CPU.ActiveCfg = Debug|Any CPU
		{AF7B71E7-1EF6-4CBE-9F52-FBEFA3C24C6B}.Debug|Any CPU.Build.0 = Debug|Any CPU
		{AF7B71E7-1EF6-4CBE-9F52-FBEFA3C24C6B}.EasyTest|Any CPU.ActiveCfg = EasyTest|Any CPU
		{AF7B71E7-1EF6-4CBE-9F52-FBEFA3C24C6B}.EasyTest|Any CPU.Build.0 = EasyTest|Any CPU
		{AF7B71E7-1EF6-4CBE-9F52-FBEFA3C24C6B}.Release|Any CPU.ActiveCfg = Release|Any CPU
		{AF7B71E7-1EF6-4CBE-9F52-FBEFA3C24C6B}.Release|Any CPU.Build.0 = Release|Any CPU
	EndGlobalSection
	GlobalSection(SolutionProperties) = preSolution
		HideSolutionNode = FALSE
	EndGlobalSection
EndGlobal
